# Generated by move; do not edit
# This file should be checked in.

[move]
version = 4

[pinned.mainnet.IntegerMate]
source = { git = "https://github.com/CetusProtocol/integer-mate.git", subdir = ".", rev = "09a12d9b171122883d9350039d4ed6e8400033b9" }
use_environment = "mainnet"
manifest_digest = "E41BBD67BE8940D26C79D78B028477EF5B33BA217A1282C78ACB344CF8A5ECF6"
deps = { std = "MoveStdlib", sui = "Sui" }

[pinned.mainnet.MoveSTL]
source = { git = "https://github.com/CetusProtocol/move-stl.git", subdir = ".", rev = "0681fec63a310ae753d03a06f7c05d3e2925bb09" }
use_environment = "mainnet"
manifest_digest = "E41BBD67BE8940D26C79D78B028477EF5B33BA217A1282C78ACB344CF8A5ECF6"
deps = { std = "MoveStdlib", sui = "Sui" }

[pinned.mainnet.MoveStdlib]
source = { git = "https://github.com/MystenLabs/sui.git", subdir = "crates/sui-framework/packages/move-stdlib", rev = "ae59d7718668b468ce65702ecb0440aa2330f389" }
use_environment = "mainnet"
manifest_digest = "C4FE4C91DE74CBF223B2E380AE40F592177D21870DC2D7EB6227D2D694E05363"
deps = {}

[pinned.mainnet.MoveStdlib_1]
source = { git = "https://github.com/MystenLabs/sui.git", subdir = "crates/sui-framework/packages/move-stdlib", rev = "041c5f2bae2fe52079e44b70514333532d69f4e6" }
use_environment = "mainnet"
manifest_digest = "C4FE4C91DE74CBF223B2E380AE40F592177D21870DC2D7EB6227D2D694E05363"
deps = {}

[pinned.mainnet.Pyth]
source = { git = "https://github.com/pyth-network/pyth-crosschain.git", subdir = "target_chains/sui/contracts", rev = "3bd1262dcba9518a6901aa6a15f04072799bfb37" }
use_environment = "mainnet"
manifest_digest = "F2C5AF85C4B72C8F6A8132D05DE4F787F4EB80DBFF812331ED65AE599E7DF92A"
deps = { Sui = "Sui_1", Wormhole = "Wormhole" }

[pinned.mainnet.PythProCompatible]
source = { git = "https://github.com/pyth-network/pyth-crosschain.git", subdir = "target_chains/sui/contracts", rev = "aa291266173173480efef77b9454f2dbc2b4fd62" }
use_environment = "mainnet"
manifest_digest = "3D2B5BBF2058F3C9DCA3527CC2486C518124687B60479CA9875E5475652B7BBC"
deps = { Sui = "Sui_1", WormholeSimpleMajority = "WormholeSimpleMajority" }

[pinned.mainnet.Sui]
source = { git = "https://github.com/MystenLabs/sui.git", subdir = "crates/sui-framework/packages/sui-framework", rev = "ae59d7718668b468ce65702ecb0440aa2330f389" }
use_environment = "mainnet"
manifest_digest = "CD547CB1ACCE0880C835DAED2D8FFCB91D56C833AE5240D3AA5B918398263195"
deps = { MoveStdlib = "MoveStdlib" }

[pinned.mainnet.Sui_1]
source = { git = "https://github.com/MystenLabs/sui.git", subdir = "crates/sui-framework/packages/sui-framework", rev = "041c5f2bae2fe52079e44b70514333532d69f4e6" }
use_environment = "mainnet"
manifest_digest = "CD547CB1ACCE0880C835DAED2D8FFCB91D56C833AE5240D3AA5B918398263195"
deps = { MoveStdlib = "MoveStdlib_1" }

[pinned.mainnet.Wormhole]
source = { git = "https://github.com/wormhole-foundation/wormhole.git", subdir = "sui/wormhole", rev = "b71be5cbb9537c4aac8e23e74371affa3825efcd" }
use_environment = "mainnet"
manifest_digest = "0D766A0380B75080707CFA6099AF469A2E502B0D9DC334A9E9983B391C5555D9"
deps = { Sui = "Sui_1" }

[pinned.mainnet.WormholeSimpleMajority]
source = { git = "https://github.com/pyth-network/pyth-crosschain.git", subdir = "target_chains/sui/vendor/wormhole_simple_majority/wormhole", rev = "aa291266173173480efef77b9454f2dbc2b4fd62" }
use_environment = "mainnet"
manifest_digest = "0D766A0380B75080707CFA6099AF469A2E502B0D9DC334A9E9983B391C5555D9"
deps = { Sui = "Sui_1" }

[pinned.mainnet.cetus_clmm]
source = { git = "https://github.com/CetusProtocol/cetus-contracts.git", subdir = "packages/cetus_clmm", rev = "6c1c5c91135ceea6f432e427922f5c92687c28dc" }
use_environment = "mainnet"
manifest_digest = "DD4727D5703A9BFB95E2A029C6431919AE8B80E5945882E878E7FA2BAFB456BD"
deps = { integer_mate = "IntegerMate", move_stl = "MoveSTL", std = "MoveStdlib", sui = "Sui" }

[pinned.mainnet.cetusdlmm]
source = { git = "https://github.com/CetusProtocol/cetus-dlmm-interface.git", subdir = "packages/dlmm", rev = "963d4095dc441448e4f5caa092b2044260dff5c3" }
use_environment = "mainnet"
manifest_digest = "DD4727D5703A9BFB95E2A029C6431919AE8B80E5945882E878E7FA2BAFB456BD"
deps = { integer_mate = "IntegerMate", move_stl = "MoveSTL", std = "MoveStdlib", sui = "Sui" }

[pinned.mainnet.dlmmrouter]
source = { git = "https://github.com/CetusProtocol/cetus-dlmm-interface.git", subdir = "packages/dlmm-router", rev = "963d4095dc441448e4f5caa092b2044260dff5c3" }
use_environment = "mainnet"
manifest_digest = "C1896F641F56A1550893D474A329BE304706A02E8F578B479CD70ABDD989F6DA"
deps = { cetusdlmm = "cetusdlmm", integer_mate = "IntegerMate", std = "MoveStdlib", sui = "Sui" }

[pinned.mainnet.volatile_vault_v2]
source = { root = true }
use_environment = "mainnet"
manifest_digest = "54643485FF86F72B2B5394B06B7250A7F26DB7DEFD8C6CDB58C5F1E368450CE2"
deps = { cetus_clmm = "cetus_clmm", cetusdlmm = "cetusdlmm", dlmmrouter = "dlmmrouter", integer_mate = "IntegerMate", move_stl = "MoveSTL", pyth = "Pyth", pyth_pro_compatible = "PythProCompatible", std = "MoveStdlib", sui = "Sui", wormhole_simple_majority = "WormholeSimpleMajority" }
